
Microsoft Visual Studio Solution File, Format Version 12.00
# Visual Studio Version 17
VisualStudioVersion = 17.14.36202.13
MinimumVisualStudioVersion = 10.0.40219.1
Project("{FAE04EC0-301F-11D3-BF4B-00C04F79EFBC}") = "Tedd.ZeroAllocationLogger", "Tedd.ZeroAllocationLogger\Tedd.ZeroAllocationLogger.csproj", "{63754A6B-4343-4435-A4B1-CEBF337C3B8A}"
EndProject
Project("{FAE04EC0-301F-11D3-BF4B-00C04F79EFBC}") = "Tedd.ZeroAllocationLogger.Tests", "Tedd.ZeroAllocationLogger.Tests\Tedd.ZeroAllocationLogger.Tests.csproj", "{BCF02DCF-CE19-48B7-806E-25AF1279EC92}"
EndProject
Project("{FAE04EC0-301F-11D3-BF4B-00C04F79EFBC}") = "Tedd.ZeroAllocationLogger.Benchmarks.ConsoleUI", "Tedd.ZeroAllocationLogger.Benchmarks.ConsoleUI\Tedd.ZeroAllocationLogger.Benchmarks.ConsoleUI.csproj", "{C75B12A2-EAA2-47BB-BE2B-1C3E47456ABC}"
EndProject
Global
	GlobalSection(SolutionConfigurationPlatforms) = preSolution
		Debug|Any CPU = Debug|Any CPU
		Release|Any CPU = Release|Any CPU
	EndGlobalSection
	GlobalSection(ProjectConfigurationPlatforms) = postSolution
		{63754A6B-4343-4435-A4B1-CEBF337C3B8A}.Debug|Any CPU.ActiveCfg = Debug|Any CPU
		{63754A6B-4343-4435-A4B1-CEBF337C3B8A}.Debug|Any CPU.Build.0 = Debug|Any CPU
		{63754A6B-4343-4435-A4B1-CEBF337C3B8A}.Release|Any CPU.ActiveCfg = Release|Any CPU
		{63754A6B-4343-4435-A4B1-CEBF337C3B8A}.Release|Any CPU.Build.0 = Release|Any CPU
		{BCF02DCF-CE19-48B7-806E-25AF1279EC92}.Debug|Any CPU.ActiveCfg = Debug|Any CPU
		{BCF02DCF-CE19-48B7-806E-25AF1279EC92}.Debug|Any CPU.Build.0 = Debug|Any CPU
		{BCF02DCF-CE19-48B7-806E-25AF1279EC92}.Release|Any CPU.ActiveCfg = Release|Any CPU
		{BCF02DCF-CE19-48B7-806E-25AF1279EC92}.Release|Any CPU.Build.0 = Release|Any CPU
		{C75B12A2-EAA2-47BB-BE2B-1C3E47456ABC}.Debug|Any CPU.ActiveCfg = Debug|Any CPU
		{C75B12A2-EAA2-47BB-BE2B-1C3E47456ABC}.Debug|Any CPU.Build.0 = Debug|Any CPU
		{C75B12A2-EAA2-47BB-BE2B-1C3E47456ABC}.Release|Any CPU.ActiveCfg = Release|Any CPU
		{C75B12A2-EAA2-47BB-BE2B-1C3E47456ABC}.Release|Any CPU.Build.0 = Release|Any CPU
	EndGlobalSection
	GlobalSection(SolutionProperties) = preSolution
		HideSolutionNode = FALSE
	EndGlobalSection
	GlobalSection(ExtensibilityGlobals) = postSolution
		SolutionGuid = {6A86D8FB-579C-4BDF-B64F-5BCC4E66B56E}
	EndGlobalSection
EndGlobal
